
Microsoft Visual Studio Solution File, Format Version 12.00
# Visual Studio Version 16
VisualStudioVersion = 16.0.32428.217
MinimumVisualStudioVersion = 10.0.40219.1
Project("{FAE04EC0-301F-11D3-BF4B-00C04F79EFBC}") = "ParticulatesXMLLinq", "ParticulatesXMLLinq\ParticulatesXMLLinq.csproj", "{5D7588EF-862E-4B4A-A907-9E556E4559D8}"
EndProject
Global
	GlobalSection(SolutionConfigurationPlatforms) = preSolution
		Debug|Any CPU = Debug|Any CPU
		Release|Any CPU = Release|Any CPU
	EndGlobalSection
	GlobalSection(ProjectConfigurationPlatforms) = postSolution
		{5D7588EF-862E-4B4A-A907-9E556E4559D8}.Debug|Any CPU.ActiveCfg = Debug|Any CPU
		{5D7588EF-862E-4B4A-A907-9E556E4559D8}.Debug|Any CPU.Build.0 = Debug|Any CPU
		{5D7588EF-862E-4B4A-A907-9E556E4559D8}.Release|Any CPU.ActiveCfg = Release|Any CPU
		{5D7588EF-862E-4B4A-A907-9E556E4559D8}.Release|Any CPU.Build.0 = Release|Any CPU
	EndGlobalSection
	GlobalSection(SolutionProperties) = preSolution
		HideSolutionNode = FALSE
	EndGlobalSection
	GlobalSection(ExtensibilityGlobals) = postSolution
		SolutionGuid = {1E99A848-322C-43AD-95FF-9F63ED79E9D8}
	EndGlobalSection
EndGlobal
